
Microsoft Visual Studio Solution File, Format Version 12.00
# Visual Studio Version 17
VisualStudioVersion = 17.5.002.0
MinimumVisualStudioVersion = 10.0.40219.1
Project("{9A19103F-16F7-4668-BE54-9A1E7A4F7556}") = "ToDoApp", "src\ToDoApp.csproj", "{D8566B28-882C-4670-A3D3-57E8D2E3E21C}"
EndProject
Project("{9A19103F-16F7-4668-BE54-9A1E7A4F7556}") = "ToDoApp.Tests", "test\ToDoApp.Tests.csproj", "{F68B2DBD-A47A-4899-B692-9A459FAE7C9A}"
EndProject
Global
	GlobalSection(SolutionConfigurationPlatforms) = preSolution
		Debug|Any CPU = Debug|Any CPU
		Release|Any CPU = Release|Any CPU
	EndGlobalSection
	GlobalSection(ProjectConfigurationPlatforms) = postSolution
		{D8566B28-882C-4670-A3D3-57E8D2E3E21C}.Debug|Any CPU.ActiveCfg = Debug|Any CPU
		{D8566B28-882C-4670-A3D3-57E8D2E3E21C}.Debug|Any CPU.Build.0 = Debug|Any CPU
		{D8566B28-882C-4670-A3D3-57E8D2E3E21C}.Release|Any CPU.ActiveCfg = Release|Any CPU
		{D8566B28-882C-4670-A3D3-57E8D2E3E21C}.Release|Any CPU.Build.0 = Release|Any CPU
		{F68B2DBD-A47A-4899-B692-9A459FAE7C9A}.Debug|Any CPU.ActiveCfg = Debug|Any CPU
		{F68B2DBD-A47A-4899-B692-9A459FAE7C9A}.Debug|Any CPU.Build.0 = Debug|Any CPU
		{F68B2DBD-A47A-4899-B692-9A459FAE7C9A}.Release|Any CPU.ActiveCfg = Release|Any CPU
		{F68B2DBD-A47A-4899-B692-9A459FAE7C9A}.Release|Any CPU.Build.0 = Release|Any CPU
	EndGlobalSection
	GlobalSection(SolutionProperties) = preSolution
		HideSolutionNode = FALSE
	EndGlobalSection
	GlobalSection(ExtensibilityGlobals) = postSolution
		SolutionGuid = {DE96E3D3-1C14-47B1-84B4-2EA14C9CF0E6}
	EndGlobalSection
EndGlobal
